
Microsoft Visual Studio Solution File, Format Version 12.00
Project("{FAE04EC0-301F-11D3-BF4B-00C04F79EFBC}") = "SqlQueryBuilder", "src\SqlQueryBuilder\SqlQueryBuilder.csproj", "{238E5C31-6592-40F4-966D-F6BABCB86DD6}"
EndProject
Project("{2150E333-8FDC-42A3-9474-1A3956D46DE8}") = "src", "src", "{0E1496F4-1A5F-408D-BC7E-73A64A26E0EE}"
EndProject
Project("{2150E333-8FDC-42A3-9474-1A3956D46DE8}") = "test", "test", "{59A9F9B5-5CB3-437E-8A10-0A93F5C3E2BB}"
EndProject
Project("{FAE04EC0-301F-11D3-BF4B-00C04F79EFBC}") = "SqlQueryBuilder.Abstractions", "src\SqlQueryBuilder.Abstractions\SqlQueryBuilder.Abstractions.csproj", "{00710E85-155F-411A-88C1-C32DFC8C3C0A}"
EndProject
Project("{FAE04EC0-301F-11D3-BF4B-00C04F79EFBC}") = "SqlQueryBuilder.SqlServer", "src\SqlQueryBuilder.SqlServer\SqlQueryBuilder.SqlServer.csproj", "{5568A59D-5436-4C07-AF5D-4796D9E56ADA}"
EndProject
Project("{FAE04EC0-301F-11D3-BF4B-00C04F79EFBC}") = "SqlQueryBuilder.SqlServer.Test", "test\SqlQueryBuilder.SqlServer.Test\SqlQueryBuilder.SqlServer.Test.csproj", "{B088D912-84A3-4780-B68F-28BC11926CCD}"
EndProject
Project("{FAE04EC0-301F-11D3-BF4B-00C04F79EFBC}") = "SqlQueryBuilder.Oracle.Test", "test\SqlQueryBuilder.Oracle.Test\SqlQueryBuilder.Oracle.Test.csproj", "{93A8186C-315F-428D-9268-1890AE2ECD5D}"
EndProject
Project("{FAE04EC0-301F-11D3-BF4B-00C04F79EFBC}") = "SqlQueryBuilder.MySQL.Test", "test\SqlQueryBuilder.MySQL.Test\SqlQueryBuilder.MySQL.Test.csproj", "{800EF853-CC18-441F-96BE-C957DF8DAB2D}"
EndProject
Project("{FAE04EC0-301F-11D3-BF4B-00C04F79EFBC}") = "SqlQueryBuilder.Test.Common", "test\SqlQueryBuilder.Test.Common\SqlQueryBuilder.Test.Common.csproj", "{C3F487C8-CFFD-4778-82A3-9E19AD023C8A}"
EndProject
Project("{FAE04EC0-301F-11D3-BF4B-00C04F79EFBC}") = "SqlQueryBuilder.Oracle", "src\SqlQueryBuilder.Oracle\SqlQueryBuilder.Oracle.csproj", "{963846A0-89B5-450A-88EE-2B16398BA962}"
EndProject
Project("{FAE04EC0-301F-11D3-BF4B-00C04F79EFBC}") = "SqlQueryBuilder.MySQL", "src\SqlQueryBuilder.MySQL\SqlQueryBuilder.MySQL.csproj", "{78EF9329-2327-4FAD-9FE6-7BAE53AC0FF5}"
EndProject
Global
	GlobalSection(SolutionConfigurationPlatforms) = preSolution
		Debug|Any CPU = Debug|Any CPU
		Release|Any CPU = Release|Any CPU
	EndGlobalSection
	GlobalSection(ProjectConfigurationPlatforms) = postSolution
		{238E5C31-6592-40F4-966D-F6BABCB86DD6}.Debug|Any CPU.ActiveCfg = Debug|Any CPU
		{238E5C31-6592-40F4-966D-F6BABCB86DD6}.Debug|Any CPU.Build.0 = Debug|Any CPU
		{238E5C31-6592-40F4-966D-F6BABCB86DD6}.Release|Any CPU.ActiveCfg = Release|Any CPU
		{238E5C31-6592-40F4-966D-F6BABCB86DD6}.Release|Any CPU.Build.0 = Release|Any CPU
		{00710E85-155F-411A-88C1-C32DFC8C3C0A}.Debug|Any CPU.ActiveCfg = Debug|Any CPU
		{00710E85-155F-411A-88C1-C32DFC8C3C0A}.Debug|Any CPU.Build.0 = Debug|Any CPU
		{00710E85-155F-411A-88C1-C32DFC8C3C0A}.Release|Any CPU.ActiveCfg = Release|Any CPU
		{00710E85-155F-411A-88C1-C32DFC8C3C0A}.Release|Any CPU.Build.0 = Release|Any CPU
		{5568A59D-5436-4C07-AF5D-4796D9E56ADA}.Debug|Any CPU.ActiveCfg = Debug|Any CPU
		{5568A59D-5436-4C07-AF5D-4796D9E56ADA}.Debug|Any CPU.Build.0 = Debug|Any CPU
		{5568A59D-5436-4C07-AF5D-4796D9E56ADA}.Release|Any CPU.ActiveCfg = Release|Any CPU
		{5568A59D-5436-4C07-AF5D-4796D9E56ADA}.Release|Any CPU.Build.0 = Release|Any CPU
		{B088D912-84A3-4780-B68F-28BC11926CCD}.Debug|Any CPU.ActiveCfg = Debug|Any CPU
		{B088D912-84A3-4780-B68F-28BC11926CCD}.Debug|Any CPU.Build.0 = Debug|Any CPU
		{B088D912-84A3-4780-B68F-28BC11926CCD}.Release|Any CPU.ActiveCfg = Release|Any CPU
		{B088D912-84A3-4780-B68F-28BC11926CCD}.Release|Any CPU.Build.0 = Release|Any CPU
		{93A8186C-315F-428D-9268-1890AE2ECD5D}.Debug|Any CPU.ActiveCfg = Debug|Any CPU
		{93A8186C-315F-428D-9268-1890AE2ECD5D}.Debug|Any CPU.Build.0 = Debug|Any CPU
		{93A8186C-315F-428D-9268-1890AE2ECD5D}.Release|Any CPU.ActiveCfg = Release|Any CPU
		{93A8186C-315F-428D-9268-1890AE2ECD5D}.Release|Any CPU.Build.0 = Release|Any CPU
		{800EF853-CC18-441F-96BE-C957DF8DAB2D}.Debug|Any CPU.ActiveCfg = Debug|Any CPU
		{800EF853-CC18-441F-96BE-C957DF8DAB2D}.Debug|Any CPU.Build.0 = Debug|Any CPU
		{800EF853-CC18-441F-96BE-C957DF8DAB2D}.Release|Any CPU.ActiveCfg = Release|Any CPU
		{800EF853-CC18-441F-96BE-C957DF8DAB2D}.Release|Any CPU.Build.0 = Release|Any CPU
		{C3F487C8-CFFD-4778-82A3-9E19AD023C8A}.Debug|Any CPU.ActiveCfg = Debug|Any CPU
		{C3F487C8-CFFD-4778-82A3-9E19AD023C8A}.Debug|Any CPU.Build.0 = Debug|Any CPU
		{C3F487C8-CFFD-4778-82A3-9E19AD023C8A}.Release|Any CPU.ActiveCfg = Release|Any CPU
		{C3F487C8-CFFD-4778-82A3-9E19AD023C8A}.Release|Any CPU.Build.0 = Release|Any CPU
		{963846A0-89B5-450A-88EE-2B16398BA962}.Debug|Any CPU.ActiveCfg = Debug|Any CPU
		{963846A0-89B5-450A-88EE-2B16398BA962}.Debug|Any CPU.Build.0 = Debug|Any CPU
		{963846A0-89B5-450A-88EE-2B16398BA962}.Release|Any CPU.ActiveCfg = Release|Any CPU
		{963846A0-89B5-450A-88EE-2B16398BA962}.Release|Any CPU.Build.0 = Release|Any CPU
		{78EF9329-2327-4FAD-9FE6-7BAE53AC0FF5}.Debug|Any CPU.ActiveCfg = Debug|Any CPU
		{78EF9329-2327-4FAD-9FE6-7BAE53AC0FF5}.Debug|Any CPU.Build.0 = Debug|Any CPU
		{78EF9329-2327-4FAD-9FE6-7BAE53AC0FF5}.Release|Any CPU.ActiveCfg = Release|Any CPU
		{78EF9329-2327-4FAD-9FE6-7BAE53AC0FF5}.Release|Any CPU.Build.0 = Release|Any CPU
	EndGlobalSection
	GlobalSection(NestedProjects) = preSolution
		{238E5C31-6592-40F4-966D-F6BABCB86DD6} = {0E1496F4-1A5F-408D-BC7E-73A64A26E0EE}
		{00710E85-155F-411A-88C1-C32DFC8C3C0A} = {0E1496F4-1A5F-408D-BC7E-73A64A26E0EE}
		{5568A59D-5436-4C07-AF5D-4796D9E56ADA} = {0E1496F4-1A5F-408D-BC7E-73A64A26E0EE}
		{B088D912-84A3-4780-B68F-28BC11926CCD} = {59A9F9B5-5CB3-437E-8A10-0A93F5C3E2BB}
		{93A8186C-315F-428D-9268-1890AE2ECD5D} = {59A9F9B5-5CB3-437E-8A10-0A93F5C3E2BB}
		{800EF853-CC18-441F-96BE-C957DF8DAB2D} = {59A9F9B5-5CB3-437E-8A10-0A93F5C3E2BB}
		{C3F487C8-CFFD-4778-82A3-9E19AD023C8A} = {59A9F9B5-5CB3-437E-8A10-0A93F5C3E2BB}
		{963846A0-89B5-450A-88EE-2B16398BA962} = {0E1496F4-1A5F-408D-BC7E-73A64A26E0EE}
		{78EF9329-2327-4FAD-9FE6-7BAE53AC0FF5} = {0E1496F4-1A5F-408D-BC7E-73A64A26E0EE}
	EndGlobalSection
EndGlobal
